// !$*UTF8*$!
{
	archiveVersion = 1;
	classes = {
	};
	objectVersion = 46;
	objects = {

/* Begin PBXAggregateTarget section */
		2835D0D2D9C94469A5341FE5 /* ALL_BUILD */ = {
			isa = PBXAggregateTarget;
			buildConfigurationList = 6C9C4083419B4581AE024BB4 /* Build configuration list for PBXAggregateTarget "ALL_BUILD" */;
			buildPhases = (
				1C2FCC3911224247B123DD65 /* CMake Rules */,
			);
			dependencies = (
				AB1B7B2B54EA4D209FB5A2DE /* PBXTargetDependency */,
				CB4060BD25084979B186AF1E /* PBXTargetDependency */,
				3D1793FDFEBD4482B02269B1 /* PBXTargetDependency */,
				7EAE031C6C1E4C85AC4819D6 /* PBXTargetDependency */,
			);
			name = ALL_BUILD;
			productName = ALL_BUILD;
		};
		6F2F07A49D3A4E4ABB7C17C1 /* package */ = {
			isa = PBXAggregateTarget;
			buildConfigurationList = 947E7D7447504A849AFC9DCA /* Build configuration list for PBXAggregateTarget "package" */;
			buildPhases = (
				EBE95752BD1D48E9AC28FE85 /* CMake PostBuild Rules */,
			);
			dependencies = (
				1847B1D400EC4690A23F7FBD /* PBXTargetDependency */,
			);
			name = package;
			productName = package;
		};
		C7C10FA626254EF6B4221D06 /* install */ = {
			isa = PBXAggregateTarget;
			buildConfigurationList = 06046D0DB7D842C38A32627C /* Build configuration list for PBXAggregateTarget "install" */;
			buildPhases = (
				8F1A501D8AA94437AA4DA343 /* CMake PostBuild Rules */,
			);
			dependencies = (
				D33BAD03B69C44D6BA31940F /* PBXTargetDependency */,
			);
			name = install;
			productName = install;
		};
		CA58104AAF824D21BF9BF00B /* CreateIcons */ = {
			isa = PBXAggregateTarget;
			buildConfigurationList = 16E5A9D5988D412AB1D64A2D /* Build configuration list for PBXAggregateTarget "CreateIcons" */;
			buildPhases = (
				8FBF8B65A13E427C8BBFA1E7 /* CMake Rules */,
			);
			dependencies = (
				5DB2686CBE464F82B5118936 /* PBXTargetDependency */,
			);
			name = CreateIcons;
			productName = CreateIcons;
		};
		D4E792563E064E22B915FF96 /* ZERO_CHECK */ = {
			isa = PBXAggregateTarget;
			buildConfigurationList = 3D06834B7F33404AAB3FC9B9 /* Build configuration list for PBXAggregateTarget "ZERO_CHECK" */;
			buildPhases = (
				E2BA2045391D47DD88E779C5 /* CMake Rules */,
			);
			dependencies = (
			);
			name = ZERO_CHECK;
			productName = ZERO_CHECK;
		};
		F89085646EF84FFCAEED7821 /* Ldoc */ = {
			isa = PBXAggregateTarget;
			buildConfigurationList = CB38E94C3AE040D3BB334285 /* Build configuration list for PBXAggregateTarget "Ldoc" */;
			buildPhases = (
				C248D950F8864F31B7136141 /* CMake Rules */,
			);
			dependencies = (
				A76B9B35456E4A6DA1A9E180 /* PBXTargetDependency */,
			);
			name = Ldoc;
			productName = Ldoc;
		};
/* End PBXAggregateTarget section */

/* Begin PBXBuildFile section */
		4B9A9BD145AB490281849F13 /* /Users/jamesfolk/Documents/NJLI/Games/YappyBirds-2.0/projects/macOS_Xcode/CMakeFiles/YappyBirds.dir/Info.plist */ = {isa = PBXBuildFile; fileRef = 45A7E9FDBF6246E388462592 /* /Users/jamesfolk/Documents/NJLI/Games/YappyBirds-2.0/projects/macOS_Xcode/CMakeFiles/YappyBirds.dir/Info.plist */; };
		8143487EAE4741DCAF216CF9 /* //assets */ = {isa = PBXBuildFile; fileRef = 8A17BA99B496495088BFE533 /* //assets */; };
		ABC8CA4E8B6942C499AD6187 /* /Users/jamesfolk/Documents/NJLI/Games/YappyBirds-2.0/main.cpp */ = {isa = PBXBuildFile; fileRef = 33DC00CD0EF2494E9E1BB5DE /* /Users/jamesfolk/Documents/NJLI/Games/YappyBirds-2.0/main.cpp */; };
		F4793380B361476F9DCAD849 /* /Users/jamesfolk/Documents/NJLI/Games/YappyBirds-2.0/CMakeLists.txt */ = {isa = PBXBuildFile; fileRef = 281F70F7E600494CBDFB19FC /* /Users/jamesfolk/Documents/NJLI/Games/YappyBirds-2.0/CMakeLists.txt */; };
		FE0B08DD72C84550AD4C1890 /* /Users/jamesfolk/Documents/NJLI/Games/YappyBirds-2.0/projects/icons/macOS/Assets.xcassets */ = {isa = PBXBuildFile; fileRef = 4A0E0E24355F4B42AC732C92 /* /Users/jamesfolk/Documents/NJLI/Games/YappyBirds-2.0/projects/icons/macOS/Assets.xcassets */; };
/* End PBXBuildFile section */

/* Begin PBXBuildStyle section */
		07F3A107816D40C2BBCDF7CB /* Release */ = {
			isa = PBXBuildStyle;
			buildSettings = {
				COPY_PHASE_STRIP = NO;
			};
			name = Release;
		};
		CEEF95B8AB9F4C98B86567C1 /* MinSizeRel */ = {
			isa = PBXBuildStyle;
			buildSettings = {
				COPY_PHASE_STRIP = NO;
			};
			name = MinSizeRel;
		};
		D31370A18D9F44DD8AF8311B /* Debug */ = {
			isa = PBXBuildStyle;
			buildSettings = {
				COPY_PHASE_STRIP = NO;
			};
			name = Debug;
		};
		EB05A6C1939D431690492FBD /* RelWithDebInfo */ = {
			isa = PBXBuildStyle;
			buildSettings = {
				COPY_PHASE_STRIP = NO;
			};
			name = RelWithDebInfo;
		};
/* End PBXBuildStyle section */

/* Begin PBXContainerItemProxy section */
		17F166E7E29B42F297C7A6FB /* PBXContainerItemProxy */ = {
			isa = PBXContainerItemProxy;
			containerPortal = C9700F52B89D48C7BDF3B237 /* Project object */;
			proxyType = 1;
			remoteGlobalIDString = 7363213D439A49DC9B3A0776;
			remoteInfo = YappyBirds;
		};
		2656A28C6E6048A7906C33C9 /* PBXContainerItemProxy */ = {
			isa = PBXContainerItemProxy;
			containerPortal = C9700F52B89D48C7BDF3B237 /* Project object */;
			proxyType = 1;
			remoteGlobalIDString = D4E792563E064E22B915FF96;
			remoteInfo = ZERO_CHECK;
		};
		2816A7D6F77640CDA0158DFD /* PBXContainerItemProxy */ = {
			isa = PBXContainerItemProxy;
			containerPortal = C9700F52B89D48C7BDF3B237 /* Project object */;
			proxyType = 1;
			remoteGlobalIDString = D4E792563E064E22B915FF96;
			remoteInfo = ZERO_CHECK;
		};
		5B8D7A2665F2427983204DA3 /* PBXContainerItemProxy */ = {
			isa = PBXContainerItemProxy;
			containerPortal = C9700F52B89D48C7BDF3B237 /* Project object */;
			proxyType = 1;
			remoteGlobalIDString = CA58104AAF824D21BF9BF00B;
			remoteInfo = CreateIcons;
		};
		5DE4E99A17DE41BFB677F407 /* PBXContainerItemProxy */ = {
			isa = PBXContainerItemProxy;
			containerPortal = C9700F52B89D48C7BDF3B237 /* Project object */;
			proxyType = 1;
			remoteGlobalIDString = 2835D0D2D9C94469A5341FE5;
			remoteInfo = ALL_BUILD;
		};
		90440154E03348119A78B157 /* PBXContainerItemProxy */ = {
			isa = PBXContainerItemProxy;
			containerPortal = C9700F52B89D48C7BDF3B237 /* Project object */;
			proxyType = 1;
			remoteGlobalIDString = F89085646EF84FFCAEED7821;
			remoteInfo = Ldoc;
		};
		E6505327366847EB8226DD77 /* PBXContainerItemProxy */ = {
			isa = PBXContainerItemProxy;
			containerPortal = C9700F52B89D48C7BDF3B237 /* Project object */;
			proxyType = 1;
			remoteGlobalIDString = D4E792563E064E22B915FF96;
			remoteInfo = ZERO_CHECK;
		};
		E6B05C3CBB93479D9D55A227 /* PBXContainerItemProxy */ = {
			isa = PBXContainerItemProxy;
			containerPortal = C9700F52B89D48C7BDF3B237 /* Project object */;
			proxyType = 1;
			remoteGlobalIDString = D4E792563E064E22B915FF96;
			remoteInfo = ZERO_CHECK;
		};
		F1081E8A82E84D3CAC95BAB9 /* PBXContainerItemProxy */ = {
			isa = PBXContainerItemProxy;
			containerPortal = C9700F52B89D48C7BDF3B237 /* Project object */;
			proxyType = 1;
			remoteGlobalIDString = 2835D0D2D9C94469A5341FE5;
			remoteInfo = ALL_BUILD;
		};
/* End PBXContainerItemProxy section */

/* Begin PBXFileReference section */
		281F70F7E600494CBDFB19FC /* /Users/jamesfolk/Documents/NJLI/Games/YappyBirds-2.0/CMakeLists.txt */ = {isa = PBXFileReference; explicitFileType = sourcecode.text; fileEncoding = 4; name = CMakeLists.txt; path = CMakeLists.txt; sourceTree = SOURCE_ROOT; };
		33DC00CD0EF2494E9E1BB5DE /* /Users/jamesfolk/Documents/NJLI/Games/YappyBirds-2.0/main.cpp */ = {isa = PBXFileReference; explicitFileType = sourcecode.cpp.cpp; fileEncoding = 4; name = main.cpp; path = main.cpp; sourceTree = SOURCE_ROOT; };
		45A7E9FDBF6246E388462592 /* /Users/jamesfolk/Documents/NJLI/Games/YappyBirds-2.0/projects/macOS_Xcode/CMakeFiles/YappyBirds.dir/Info.plist */ = {isa = PBXFileReference; explicitFileType = sourcecode.text.plist; fileEncoding = 4; name = Info.plist; path = projects/macOS_Xcode/CMakeFiles/YappyBirds.dir/Info.plist; sourceTree = SOURCE_ROOT; };
		4A0E0E24355F4B42AC732C92 /* /Users/jamesfolk/Documents/NJLI/Games/YappyBirds-2.0/projects/icons/macOS/Assets.xcassets */ = {isa = PBXFileReference; fileEncoding = 4; lastKnownFileType = folder.assetcatalog; name = Assets.xcassets; path = projects/icons/macOS/Assets.xcassets; sourceTree = SOURCE_ROOT; };
		57A220C1C2C5403494164D32 /* /Users/jamesfolk/Documents/NJLI/Games/YappyBirds-2.0/CMakeLists.txt */ = {isa = PBXFileReference; explicitFileType = sourcecode.text; fileEncoding = 4; name = CMakeLists.txt; path = CMakeLists.txt; sourceTree = SOURCE_ROOT; };
		621E1A2B23E54F78AF5BD5FF /* /Users/jamesfolk/Documents/NJLI/Games/YappyBirds-2.0/project.in/platform/IconInput.png */ = {isa = PBXFileReference; fileEncoding = 4; lastKnownFileType = image; name = IconInput.png; path = project.in/platform/IconInput.png; sourceTree = SOURCE_ROOT; };
		7B7F7F7292E14A5FB96D243A /* /Users/jamesfolk/Documents/NJLI/Games/YappyBirds-2.0/project.in/platform/IconInput_Front.png */ = {isa = PBXFileReference; fileEncoding = 4; lastKnownFileType = image; name = IconInput_Front.png; path = project.in/platform/IconInput_Front.png; sourceTree = SOURCE_ROOT; };
		7BD67F0A9B8748378AE57958 /* /Users/jamesfolk/Documents/NJLI/Games/YappyBirds-2.0/project.in/platform/IconInput_Back.png */ = {isa = PBXFileReference; fileEncoding = 4; lastKnownFileType = image; name = IconInput_Back.png; path = project.in/platform/IconInput_Back.png; sourceTree = SOURCE_ROOT; };
		7D2936716B8F405C948F97DB /* /Users/jamesfolk/Documents/NJLI/Games/YappyBirds-2.0/project.in/platform/IconInput_Middle.png */ = {isa = PBXFileReference; fileEncoding = 4; lastKnownFileType = image; name = IconInput_Middle.png; path = project.in/platform/IconInput_Middle.png; sourceTree = SOURCE_ROOT; };
		8A17BA99B496495088BFE533 /* //assets */ = {isa = PBXFileReference; fileEncoding = 4; lastKnownFileType = folder; name = assets; path = "//assets"; sourceTree = "<absolute>"; };
		94A74052F5D04F3F868DD2D9 /* /Users/jamesfolk/Documents/NJLI/Games/YappyBirds-2.0/CMakeLists.txt */ = {isa = PBXFileReference; explicitFileType = sourcecode.text; fileEncoding = 4; name = CMakeLists.txt; path = CMakeLists.txt; sourceTree = SOURCE_ROOT; };
		9B317F36660F46F292C622C1 /* /Users/jamesfolk/Documents/NJLI/Games/YappyBirds-2.0/CMakeLists.txt */ = {isa = PBXFileReference; explicitFileType = sourcecode.text; fileEncoding = 4; name = CMakeLists.txt; path = CMakeLists.txt; sourceTree = SOURCE_ROOT; };
		9E640AE2E51F4C689B1A67A6 /* /Users/jamesfolk/Documents/NJLI/Games/YappyBirds-2.0/project.in/platform/LaunchInput.png */ = {isa = PBXFileReference; fileEncoding = 4; lastKnownFileType = image; name = LaunchInput.png; path = project.in/platform/LaunchInput.png; sourceTree = SOURCE_ROOT; };
		AB6FB0FA5D7D44448417453C /* YappyBirds */ = {isa = PBXFileReference; explicitFileType = "compiled.mach-o.executable"; path = YappyBirds; sourceTree = BUILT_PRODUCTS_DIR; };
		DCF8324083ED4F65AA7C628C /* /Users/jamesfolk/Documents/NJLI/Games/YappyBirds-2.0/CMakeLists.txt */ = {isa = PBXFileReference; explicitFileType = sourcecode.text; fileEncoding = 4; name = CMakeLists.txt; path = CMakeLists.txt; sourceTree = SOURCE_ROOT; };
/* End PBXFileReference section */

/* Begin PBXGroup section */
		03632F4BC1834C3CA02CF899 /* CMake Rules */ = {
			isa = PBXGroup;
			children = (
			);
			name = "CMake Rules";
			sourceTree = "<group>";
		};
		13817963E42241799140737D /* CMake Rules */ = {
			isa = PBXGroup;
			children = (
			);
			name = "CMake Rules";
			sourceTree = "<group>";
		};
		196114DD02EE4B1EB06DA3F6 = {
			isa = PBXGroup;
			children = (
				6693C95771DA4DE8BDF1585A /* YappyBirds */,
				6BFCC07227F145EA940CE697 /* Ldoc */,
				333D6EE2678F4D5F8DD9D56A /* CreateIcons */,
				5C54C86D48D14EDE8F7A90B0 /* ALL_BUILD */,
				231FBE59478D48658EDEF8B8 /* ZERO_CHECK */,
				F58819E21FBE410FAA65A835 /* Products */,
			);
			sourceTree = "<group>";
		};
		231FBE59478D48658EDEF8B8 /* ZERO_CHECK */ = {
			isa = PBXGroup;
			children = (
				9F176295A6364F87B2156FAC /* CMake Rules */,
				57A220C1C2C5403494164D32 /* /Users/jamesfolk/Documents/NJLI/Games/YappyBirds-2.0/CMakeLists.txt */,
			);
			name = ZERO_CHECK;
			sourceTree = "<group>";
		};
		333D6EE2678F4D5F8DD9D56A /* CreateIcons */ = {
			isa = PBXGroup;
			children = (
				93845A82261F4CFA9BC63B11 /* CMake Rules */,
				7BD67F0A9B8748378AE57958 /* /Users/jamesfolk/Documents/NJLI/Games/YappyBirds-2.0/project.in/platform/IconInput_Back.png */,
				7B7F7F7292E14A5FB96D243A /* /Users/jamesfolk/Documents/NJLI/Games/YappyBirds-2.0/project.in/platform/IconInput_Front.png */,
				7D2936716B8F405C948F97DB /* /Users/jamesfolk/Documents/NJLI/Games/YappyBirds-2.0/project.in/platform/IconInput_Middle.png */,
				621E1A2B23E54F78AF5BD5FF /* /Users/jamesfolk/Documents/NJLI/Games/YappyBirds-2.0/project.in/platform/IconInput.png */,
				9E640AE2E51F4C689B1A67A6 /* /Users/jamesfolk/Documents/NJLI/Games/YappyBirds-2.0/project.in/platform/LaunchInput.png */,
				94A74052F5D04F3F868DD2D9 /* /Users/jamesfolk/Documents/NJLI/Games/YappyBirds-2.0/CMakeLists.txt */,
			);
			name = CreateIcons;
			sourceTree = "<group>";
		};
		5C54C86D48D14EDE8F7A90B0 /* ALL_BUILD */ = {
			isa = PBXGroup;
			children = (
				03632F4BC1834C3CA02CF899 /* CMake Rules */,
				9B317F36660F46F292C622C1 /* /Users/jamesfolk/Documents/NJLI/Games/YappyBirds-2.0/CMakeLists.txt */,
			);
			name = ALL_BUILD;
			sourceTree = "<group>";
		};
		6693C95771DA4DE8BDF1585A /* YappyBirds */ = {
			isa = PBXGroup;
			children = (
				9ED6794160304AC6A2D902D3 /* Source Files */,
				C246B9D505AC432F992FB057 /* Resources */,
				8A17BA99B496495088BFE533 /* //assets */,
				281F70F7E600494CBDFB19FC /* /Users/jamesfolk/Documents/NJLI/Games/YappyBirds-2.0/CMakeLists.txt */,
				4A0E0E24355F4B42AC732C92 /* /Users/jamesfolk/Documents/NJLI/Games/YappyBirds-2.0/projects/icons/macOS/Assets.xcassets */,
			);
			name = YappyBirds;
			sourceTree = "<group>";
		};
		6BFCC07227F145EA940CE697 /* Ldoc */ = {
			isa = PBXGroup;
			children = (
				13817963E42241799140737D /* CMake Rules */,
				DCF8324083ED4F65AA7C628C /* /Users/jamesfolk/Documents/NJLI/Games/YappyBirds-2.0/CMakeLists.txt */,
			);
			name = Ldoc;
			sourceTree = "<group>";
		};
		93845A82261F4CFA9BC63B11 /* CMake Rules */ = {
			isa = PBXGroup;
			children = (
			);
			name = "CMake Rules";
			sourceTree = "<group>";
		};
		9ED6794160304AC6A2D902D3 /* Source Files */ = {
			isa = PBXGroup;
			children = (
				33DC00CD0EF2494E9E1BB5DE /* /Users/jamesfolk/Documents/NJLI/Games/YappyBirds-2.0/main.cpp */,
			);
			name = "Source Files";
			sourceTree = "<group>";
		};
		9F176295A6364F87B2156FAC /* CMake Rules */ = {
			isa = PBXGroup;
			children = (
			);
			name = "CMake Rules";
			sourceTree = "<group>";
		};
		C246B9D505AC432F992FB057 /* Resources */ = {
			isa = PBXGroup;
			children = (
				45A7E9FDBF6246E388462592 /* /Users/jamesfolk/Documents/NJLI/Games/YappyBirds-2.0/projects/macOS_Xcode/CMakeFiles/YappyBirds.dir/Info.plist */,
			);
			name = Resources;
			sourceTree = "<group>";
		};
		F58819E21FBE410FAA65A835 /* Products */ = {
			isa = PBXGroup;
			children = (
				AB6FB0FA5D7D44448417453C /* YappyBirds */,
			);
			name = Products;
			sourceTree = "<group>";
		};
/* End PBXGroup section */

/* Begin PBXNativeTarget section */
		7363213D439A49DC9B3A0776 /* YappyBirds */ = {
			isa = PBXNativeTarget;
			buildConfigurationList = F767C568F65C4371890A575F /* Build configuration list for PBXNativeTarget "YappyBirds" */;
			buildPhases = (
				28A3AAA74CB14FD7B21CA557 /* Resources */,
				B28FC8599E1F4BAA8CCE0A27 /* Sources */,
				F858E02BF14643C3B81C83F9 /* CMake PostBuild Rules */,
			);
			buildRules = (
			);
			dependencies = (
				C883C2C2BA404865AA5F8CFF /* PBXTargetDependency */,
			);
			name = YappyBirds;
			productName = YappyBirds;
			productReference = AB6FB0FA5D7D44448417453C /* YappyBirds */;
			productType = "com.apple.product-type.application";
		};
/* End PBXNativeTarget section */

/* Begin PBXProject section */
		C9700F52B89D48C7BDF3B237 /* Project object */ = {
			isa = PBXProject;
			attributes = {
				BuildIndependentTargetsInParallel = YES;
				LastUpgradeCheck = 0920;
			};
			buildConfigurationList = 0E2EF9C1511F43179F3B5464 /* Build configuration list for PBXProject "YappyBirds" */;
			buildSettings = {
			};
			buildStyles = (
				D31370A18D9F44DD8AF8311B /* Debug */,
				07F3A107816D40C2BBCDF7CB /* Release */,
				CEEF95B8AB9F4C98B86567C1 /* MinSizeRel */,
				EB05A6C1939D431690492FBD /* RelWithDebInfo */,
			);
			compatibilityVersion = "Xcode 3.2";
			hasScannedForEncodings = 0;
			mainGroup = 196114DD02EE4B1EB06DA3F6;
			projectDirPath = ../../;
			projectRoot = "";
			targets = (
				2835D0D2D9C94469A5341FE5 /* ALL_BUILD */,
				CA58104AAF824D21BF9BF00B /* CreateIcons */,
				F89085646EF84FFCAEED7821 /* Ldoc */,
				7363213D439A49DC9B3A0776 /* YappyBirds */,
				D4E792563E064E22B915FF96 /* ZERO_CHECK */,
				C7C10FA626254EF6B4221D06 /* install */,
				6F2F07A49D3A4E4ABB7C17C1 /* package */,
			);
		};
/* End PBXProject section */

/* Begin PBXShellScriptBuildPhase section */
		04B9386455A4470782605806 = {
			isa = PBXShellScriptBuildPhase;
			buildActionMask = 2147483647;
			files = (
			);
			inputPaths = (
			);
			outputPaths = (
			);
			runOnlyForDeploymentPostprocessing = 0;
			shellPath = /bin/sh;
			shellScript = "# shell script goes here
exit 0";
			showEnvVarsInLog = 0;
		};
		0FABFF6D3B134EB7B16EBE46 = {
			isa = PBXShellScriptBuildPhase;
			buildActionMask = 2147483647;
			files = (
			);
			inputPaths = (
			);
			outputPaths = (
			);
			runOnlyForDeploymentPostprocessing = 0;
			shellPath = /bin/sh;
			shellScript = "# shell script goes here
exit 0";
			showEnvVarsInLog = 0;
		};
		10371AD2DCBB417AA5E048DD = {
			isa = PBXShellScriptBuildPhase;
			buildActionMask = 2147483647;
			files = (
			);
			inputPaths = (
			);
			outputPaths = (
			);
			runOnlyForDeploymentPostprocessing = 0;
			shellPath = /bin/sh;
			shellScript = "# shell script goes here
exit 0";
			showEnvVarsInLog = 0;
		};
		15172A28F4674039A8BC1905 = {
			isa = PBXShellScriptBuildPhase;
			buildActionMask = 2147483647;
			files = (
			);
			inputPaths = (
			);
			outputPaths = (
			);
			runOnlyForDeploymentPostprocessing = 0;
			shellPath = /bin/sh;
			shellScript = "# shell script goes here
exit 0";
			showEnvVarsInLog = 0;
		};
		1C2FCC3911224247B123DD65 /* CMake Rules */ = {
			isa = PBXShellScriptBuildPhase;
			buildActionMask = 2147483647;
			files = (
			);
			name = "CMake Rules";
			runOnlyForDeploymentPostprocessing = 0;
			shellPath = /bin/sh;
			shellScript = "make -C /Users/jamesfolk/Documents/NJLI/Games/YappyBirds-2.0/projects/macOS_Xcode -f /Users/jamesfolk/Documents/NJLI/Games/YappyBirds-2.0/projects/macOS_Xcode/CMakeScripts/ALL_BUILD_cmakeRulesBuildPhase.make$CONFIGURATION all";
			showEnvVarsInLog = 0;
		};
		46C7D65763B74C35A3EF4F89 = {
			isa = PBXShellScriptBuildPhase;
			buildActionMask = 2147483647;
			files = (
			);
			inputPaths = (
			);
			outputPaths = (
			);
			runOnlyForDeploymentPostprocessing = 0;
			shellPath = /bin/sh;
			shellScript = "# shell script goes here
exit 0";
			showEnvVarsInLog = 0;
		};
		8CBD411E062A4B69AB8BF1F9 = {
			isa = PBXShellScriptBuildPhase;
			buildActionMask = 2147483647;
			files = (
			);
			inputPaths = (
			);
			outputPaths = (
			);
			runOnlyForDeploymentPostprocessing = 0;
			shellPath = /bin/sh;
			shellScript = "# shell script goes here
exit 0";
			showEnvVarsInLog = 0;
		};
		8F1A501D8AA94437AA4DA343 /* CMake PostBuild Rules */ = {
			isa = PBXShellScriptBuildPhase;
			buildActionMask = 2147483647;
			files = (
			);
			name = "CMake PostBuild Rules";
			runOnlyForDeploymentPostprocessing = 0;
			shellPath = /bin/sh;
			shellScript = "make -C /Users/jamesfolk/Documents/NJLI/Games/YappyBirds-2.0/projects/macOS_Xcode -f /Users/jamesfolk/Documents/NJLI/Games/YappyBirds-2.0/projects/macOS_Xcode/CMakeScripts/install_postBuildPhase.make$CONFIGURATION all";
			showEnvVarsInLog = 0;
		};
		8FBF8B65A13E427C8BBFA1E7 /* CMake Rules */ = {
			isa = PBXShellScriptBuildPhase;
			buildActionMask = 2147483647;
			files = (
			);
			name = "CMake Rules";
			runOnlyForDeploymentPostprocessing = 0;
			shellPath = /bin/sh;
			shellScript = "make -C /Users/jamesfolk/Documents/NJLI/Games/YappyBirds-2.0/projects/macOS_Xcode -f /Users/jamesfolk/Documents/NJLI/Games/YappyBirds-2.0/projects/macOS_Xcode/CMakeScripts/CreateIcons_cmakeRulesBuildPhase.make$CONFIGURATION all";
			showEnvVarsInLog = 0;
		};
		C248D950F8864F31B7136141 /* CMake Rules */ = {
			isa = PBXShellScriptBuildPhase;
			buildActionMask = 2147483647;
			files = (
			);
			name = "CMake Rules";
			runOnlyForDeploymentPostprocessing = 0;
			shellPath = /bin/sh;
			shellScript = "make -C /Users/jamesfolk/Documents/NJLI/Games/YappyBirds-2.0/projects/macOS_Xcode -f /Users/jamesfolk/Documents/NJLI/Games/YappyBirds-2.0/projects/macOS_Xcode/CMakeScripts/Ldoc_cmakeRulesBuildPhase.make$CONFIGURATION all";
			showEnvVarsInLog = 0;
		};
		E2BA2045391D47DD88E779C5 /* CMake Rules */ = {
			isa = PBXShellScriptBuildPhase;
			buildActionMask = 2147483647;
			files = (
			);
			name = "CMake Rules";
			runOnlyForDeploymentPostprocessing = 0;
			shellPath = /bin/sh;
			shellScript = "make -C /Users/jamesfolk/Documents/NJLI/Games/YappyBirds-2.0/projects/macOS_Xcode -f /Users/jamesfolk/Documents/NJLI/Games/YappyBirds-2.0/projects/macOS_Xcode/CMakeScripts/ZERO_CHECK_cmakeRulesBuildPhase.make$CONFIGURATION all";
			showEnvVarsInLog = 0;
		};
		EBE95752BD1D48E9AC28FE85 /* CMake PostBuild Rules */ = {
			isa = PBXShellScriptBuildPhase;
			buildActionMask = 2147483647;
			files = (
			);
			name = "CMake PostBuild Rules";
			runOnlyForDeploymentPostprocessing = 0;
			shellPath = /bin/sh;
			shellScript = "make -C /Users/jamesfolk/Documents/NJLI/Games/YappyBirds-2.0/projects/macOS_Xcode -f /Users/jamesfolk/Documents/NJLI/Games/YappyBirds-2.0/projects/macOS_Xcode/CMakeScripts/package_postBuildPhase.make$CONFIGURATION all";
			showEnvVarsInLog = 0;
		};
		F858E02BF14643C3B81C83F9 /* CMake PostBuild Rules */ = {
			isa = PBXShellScriptBuildPhase;
			buildActionMask = 2147483647;
			files = (
			);
			name = "CMake PostBuild Rules";
			runOnlyForDeploymentPostprocessing = 0;
			shellPath = /bin/sh;
			shellScript = "make -C /Users/jamesfolk/Documents/NJLI/Games/YappyBirds-2.0/projects/macOS_Xcode -f /Users/jamesfolk/Documents/NJLI/Games/YappyBirds-2.0/projects/macOS_Xcode/CMakeScripts/YappyBirds_postBuildPhase.make$CONFIGURATION all";
			showEnvVarsInLog = 0;
		};
/* End PBXShellScriptBuildPhase section */

/* Begin PBXResourcesBuildPhase section */
		28A3AAA74CB14FD7B21CA557 /* Resources */ = {
			isa = PBXResourcesBuildPhase;
			buildActionMask = 2147483647;
			files = (
				8143487EAE4741DCAF216CF9 /* //assets */,
				FE0B08DD72C84550AD4C1890 /* /Users/jamesfolk/Documents/NJLI/Games/YappyBirds-2.0/projects/icons/macOS/Assets.xcassets */,
			);
			runOnlyForDeploymentPostprocessing = 0;
		};
/* End PBXResourcesBuildPhase section */

/* Begin PBXSourcesBuildPhase section */
		B28FC8599E1F4BAA8CCE0A27 /* Sources */ = {
			isa = PBXSourcesBuildPhase;
			buildActionMask = 2147483647;
			files = (
				ABC8CA4E8B6942C499AD6187 /* /Users/jamesfolk/Documents/NJLI/Games/YappyBirds-2.0/main.cpp */,
			);
			runOnlyForDeploymentPostprocessing = 0;
		};
/* End PBXSourcesBuildPhase section */

/* Begin PBXTargetDependency section */
		1847B1D400EC4690A23F7FBD /* PBXTargetDependency */ = {
			isa = PBXTargetDependency;
			target = 2835D0D2D9C94469A5341FE5 /* ALL_BUILD */;
			targetProxy = 5DE4E99A17DE41BFB677F407 /* PBXContainerItemProxy */;
		};
		3D1793FDFEBD4482B02269B1 /* PBXTargetDependency */ = {
			isa = PBXTargetDependency;
			target = CA58104AAF824D21BF9BF00B /* CreateIcons */;
			targetProxy = 5B8D7A2665F2427983204DA3 /* PBXContainerItemProxy */;
		};
		5DB2686CBE464F82B5118936 /* PBXTargetDependency */ = {
			isa = PBXTargetDependency;
			target = D4E792563E064E22B915FF96 /* ZERO_CHECK */;
			targetProxy = 2656A28C6E6048A7906C33C9 /* PBXContainerItemProxy */;
		};
		7EAE031C6C1E4C85AC4819D6 /* PBXTargetDependency */ = {
			isa = PBXTargetDependency;
			target = D4E792563E064E22B915FF96 /* ZERO_CHECK */;
			targetProxy = E6B05C3CBB93479D9D55A227 /* PBXContainerItemProxy */;
		};
		A76B9B35456E4A6DA1A9E180 /* PBXTargetDependency */ = {
			isa = PBXTargetDependency;
			target = D4E792563E064E22B915FF96 /* ZERO_CHECK */;
			targetProxy = 2816A7D6F77640CDA0158DFD /* PBXContainerItemProxy */;
		};
		AB1B7B2B54EA4D209FB5A2DE /* PBXTargetDependency */ = {
			isa = PBXTargetDependency;
			target = 7363213D439A49DC9B3A0776 /* YappyBirds */;
			targetProxy = 17F166E7E29B42F297C7A6FB /* PBXContainerItemProxy */;
		};
		C883C2C2BA404865AA5F8CFF /* PBXTargetDependency */ = {
			isa = PBXTargetDependency;
			target = D4E792563E064E22B915FF96 /* ZERO_CHECK */;
			targetProxy = E6505327366847EB8226DD77 /* PBXContainerItemProxy */;
		};
		CB4060BD25084979B186AF1E /* PBXTargetDependency */ = {
			isa = PBXTargetDependency;
			target = F89085646EF84FFCAEED7821 /* Ldoc */;
			targetProxy = 90440154E03348119A78B157 /* PBXContainerItemProxy */;
		};
		D33BAD03B69C44D6BA31940F /* PBXTargetDependency */ = {
			isa = PBXTargetDependency;
			target = 2835D0D2D9C94469A5341FE5 /* ALL_BUILD */;
			targetProxy = F1081E8A82E84D3CAC95BAB9 /* PBXContainerItemProxy */;
		};
/* End PBXTargetDependency section */

/* Begin XCBuildConfiguration section */
		036A1701249E4207AD83790F /* Debug */ = {
			isa = XCBuildConfiguration;
			buildSettings = {
				ONLY_ACTIVE_ARCH = YES;
				SDKROOT = "/Applications/Xcode-beta.app/Contents/Developer/Platforms/MacOSX.platform/Developer/SDKs/MacOSX10.13.sdk";
				SYMROOT = "/Users/jamesfolk/Documents/NJLI/Games/YappyBirds-2.0/projects/macOS_Xcode/build";
			};
			name = Debug;
		};
		0BE37168EBDA48DA988581F3 /* Debug */ = {
			isa = XCBuildConfiguration;
			buildSettings = {
				COMBINE_HIDPI_IMAGES = YES;
				GCC_GENERATE_DEBUGGING_SYMBOLS = YES;
				GCC_INLINES_ARE_PRIVATE_EXTERN = NO;
				GCC_OPTIMIZATION_LEVEL = 0;
				GCC_PREPROCESSOR_DEFINITIONS = ("'CMAKE_INTDIR=\"$(CONFIGURATION)$(EFFECTIVE_PLATFORM_NAME)\"'");
				GCC_SYMBOLS_PRIVATE_EXTERN = NO;
				HEADER_SEARCH_PATHS = (/Applications/Xcode.app/Contents/Developer/Platforms/MacOSX.platform/Developer/SDKs/MacOSX.sdk/System/Library/Frameworks,"/Users/jamesfolk/Documents/NJLI/Games/YappyBirds-2.0/../../External/thirdparty/SDL2/include","/Users/jamesfolk/Documents/NJLI/Games/YappyBirds-2.0/../../Engine/generated/include");
				INSTALL_PATH = "";
				OTHER_LDFLAGS = " ";
				OTHER_REZFLAGS = "";
				PRODUCT_NAME = package;
				SECTORDER_FLAGS = "";
				SYMROOT = "/Users/jamesfolk/Documents/NJLI/Games/YappyBirds-2.0/projects/macOS_Xcode";
				USE_HEADERMAP = NO;
				WARNING_CFLAGS = ("-Wmost","-Wno-four-char-constants","-Wno-unknown-pragmas","$(inherited)");
			};
			name = Debug;
		};
		0C1E2E917BA24BC6A677009A /* Release */ = {
			isa = XCBuildConfiguration;
			buildSettings = {
				COMBINE_HIDPI_IMAGES = YES;
				GCC_GENERATE_DEBUGGING_SYMBOLS = YES;
				GCC_INLINES_ARE_PRIVATE_EXTERN = NO;
				GCC_OPTIMIZATION_LEVEL = 0;
				GCC_PREPROCESSOR_DEFINITIONS = ("'CMAKE_INTDIR=\"$(CONFIGURATION)$(EFFECTIVE_PLATFORM_NAME)\"'");
				GCC_SYMBOLS_PRIVATE_EXTERN = NO;
				HEADER_SEARCH_PATHS = (/Applications/Xcode.app/Contents/Developer/Platforms/MacOSX.platform/Developer/SDKs/MacOSX.sdk/System/Library/Frameworks,"/Users/jamesfolk/Documents/NJLI/Games/YappyBirds-2.0/../../External/thirdparty/SDL2/include","/Users/jamesfolk/Documents/NJLI/Games/YappyBirds-2.0/../../Engine/generated/include");
				INSTALL_PATH = "";
				OTHER_LDFLAGS = " ";
				OTHER_REZFLAGS = "";
				PRODUCT_NAME = install;
				SECTORDER_FLAGS = "";
				SYMROOT = "/Users/jamesfolk/Documents/NJLI/Games/YappyBirds-2.0/projects/macOS_Xcode";
				USE_HEADERMAP = NO;
				WARNING_CFLAGS = ("-Wmost","-Wno-four-char-constants","-Wno-unknown-pragmas","$(inherited)");
			};
			name = Release;
		};
		15E27746E9F448F5A80CD3C7 /* MinSizeRel */ = {
			isa = XCBuildConfiguration;
			buildSettings = {
				COMBINE_HIDPI_IMAGES = YES;
				GCC_GENERATE_DEBUGGING_SYMBOLS = YES;
				GCC_INLINES_ARE_PRIVATE_EXTERN = NO;
				GCC_OPTIMIZATION_LEVEL = 0;
				GCC_PREPROCESSOR_DEFINITIONS = ("'CMAKE_INTDIR=\"$(CONFIGURATION)$(EFFECTIVE_PLATFORM_NAME)\"'");
				GCC_SYMBOLS_PRIVATE_EXTERN = NO;
				HEADER_SEARCH_PATHS = (/Applications/Xcode.app/Contents/Developer/Platforms/MacOSX.platform/Developer/SDKs/MacOSX.sdk/System/Library/Frameworks,"/Users/jamesfolk/Documents/NJLI/Games/YappyBirds-2.0/../../External/thirdparty/SDL2/include","/Users/jamesfolk/Documents/NJLI/Games/YappyBirds-2.0/../../Engine/generated/include");
				INSTALL_PATH = "";
				OTHER_LDFLAGS = " ";
				OTHER_REZFLAGS = "";
				PRODUCT_NAME = install;
				SECTORDER_FLAGS = "";
				SYMROOT = "/Users/jamesfolk/Documents/NJLI/Games/YappyBirds-2.0/projects/macOS_Xcode";
				USE_HEADERMAP = NO;
				WARNING_CFLAGS = ("-Wmost","-Wno-four-char-constants","-Wno-unknown-pragmas","$(inherited)");
			};
			name = MinSizeRel;
		};
		20E5758ECA5E428BABF1DAD7 /* RelWithDebInfo */ = {
			isa = XCBuildConfiguration;
			buildSettings = {
				COMBINE_HIDPI_IMAGES = YES;
				GCC_GENERATE_DEBUGGING_SYMBOLS = YES;
				GCC_INLINES_ARE_PRIVATE_EXTERN = NO;
				GCC_OPTIMIZATION_LEVEL = 0;
				GCC_PREPROCESSOR_DEFINITIONS = ("'CMAKE_INTDIR=\"$(CONFIGURATION)$(EFFECTIVE_PLATFORM_NAME)\"'");
				GCC_SYMBOLS_PRIVATE_EXTERN = NO;
				HEADER_SEARCH_PATHS = (/Applications/Xcode.app/Contents/Developer/Platforms/MacOSX.platform/Developer/SDKs/MacOSX.sdk/System/Library/Frameworks,"/Users/jamesfolk/Documents/NJLI/Games/YappyBirds-2.0/../../External/thirdparty/SDL2/include","/Users/jamesfolk/Documents/NJLI/Games/YappyBirds-2.0/../../Engine/generated/include");
				INSTALL_PATH = "";
				OTHER_LDFLAGS = " ";
				OTHER_REZFLAGS = "";
				PRODUCT_NAME = ALL_BUILD;
				SECTORDER_FLAGS = "";
				SYMROOT = "/Users/jamesfolk/Documents/NJLI/Games/YappyBirds-2.0/projects/macOS_Xcode";
				USE_HEADERMAP = NO;
				WARNING_CFLAGS = ("-Wmost","-Wno-four-char-constants","-Wno-unknown-pragmas","$(inherited)");
			};
			name = RelWithDebInfo;
		};
		2662DD5D22B346CCAF8E7373 /* MinSizeRel */ = {
			isa = XCBuildConfiguration;
			buildSettings = {
				COMBINE_HIDPI_IMAGES = YES;
				GCC_GENERATE_DEBUGGING_SYMBOLS = YES;
				GCC_INLINES_ARE_PRIVATE_EXTERN = NO;
				GCC_OPTIMIZATION_LEVEL = 0;
				GCC_PREPROCESSOR_DEFINITIONS = ("'CMAKE_INTDIR=\"$(CONFIGURATION)$(EFFECTIVE_PLATFORM_NAME)\"'","'NJLI_VERSION_MAJOR=\"\"'","'NJLI_VERSION_MINOR=\"\"'","'NJLI_VERSION_RELEASE=\"\"'");
				GCC_SYMBOLS_PRIVATE_EXTERN = NO;
				HEADER_SEARCH_PATHS = (/Applications/Xcode.app/Contents/Developer/Platforms/MacOSX.platform/Developer/SDKs/MacOSX.sdk/System/Library/Frameworks,"/Users/jamesfolk/Documents/NJLI/Games/YappyBirds-2.0/../../External/thirdparty/SDL2/include","/Users/jamesfolk/Documents/NJLI/Games/YappyBirds-2.0/../../Engine/generated/include");
				INSTALL_PATH = "";
				OTHER_LDFLAGS = " ";
				OTHER_REZFLAGS = "";
				PRODUCT_NAME = CreateIcons;
				SECTORDER_FLAGS = "";
				SYMROOT = "/Users/jamesfolk/Documents/NJLI/Games/YappyBirds-2.0/projects/macOS_Xcode";
				USE_HEADERMAP = NO;
				WARNING_CFLAGS = ("-Wmost","-Wno-four-char-constants","-Wno-unknown-pragmas","$(inherited)");
			};
			name = MinSizeRel;
		};
		299AC3C2A10C45B9879FA1DB /* Release */ = {
			isa = XCBuildConfiguration;
			buildSettings = {
				COMBINE_HIDPI_IMAGES = YES;
				GCC_GENERATE_DEBUGGING_SYMBOLS = YES;
				GCC_INLINES_ARE_PRIVATE_EXTERN = NO;
				GCC_OPTIMIZATION_LEVEL = 0;
				GCC_PREPROCESSOR_DEFINITIONS = ("'CMAKE_INTDIR=\"$(CONFIGURATION)$(EFFECTIVE_PLATFORM_NAME)\"'");
				GCC_SYMBOLS_PRIVATE_EXTERN = NO;
				HEADER_SEARCH_PATHS = (/Applications/Xcode.app/Contents/Developer/Platforms/MacOSX.platform/Developer/SDKs/MacOSX.sdk/System/Library/Frameworks,"/Users/jamesfolk/Documents/NJLI/Games/YappyBirds-2.0/../../External/thirdparty/SDL2/include","/Users/jamesfolk/Documents/NJLI/Games/YappyBirds-2.0/../../Engine/generated/include");
				INSTALL_PATH = "";
				OTHER_LDFLAGS = " ";
				OTHER_REZFLAGS = "";
				PRODUCT_NAME = ZERO_CHECK;
				SECTORDER_FLAGS = "";
				SYMROOT = "/Users/jamesfolk/Documents/NJLI/Games/YappyBirds-2.0/projects/macOS_Xcode";
				USE_HEADERMAP = NO;
				WARNING_CFLAGS = ("-Wmost","-Wno-four-char-constants","-Wno-unknown-pragmas","$(inherited)");
			};
			name = Release;
		};
		354AF5A1C17D452CB6015E7C /* MinSizeRel */ = {
			isa = XCBuildConfiguration;
			buildSettings = {
				COMBINE_HIDPI_IMAGES = YES;
				GCC_GENERATE_DEBUGGING_SYMBOLS = YES;
				GCC_INLINES_ARE_PRIVATE_EXTERN = NO;
				GCC_OPTIMIZATION_LEVEL = 0;
				GCC_PREPROCESSOR_DEFINITIONS = ("'CMAKE_INTDIR=\"$(CONFIGURATION)$(EFFECTIVE_PLATFORM_NAME)\"'");
				GCC_SYMBOLS_PRIVATE_EXTERN = NO;
				HEADER_SEARCH_PATHS = (/Applications/Xcode.app/Contents/Developer/Platforms/MacOSX.platform/Developer/SDKs/MacOSX.sdk/System/Library/Frameworks,"/Users/jamesfolk/Documents/NJLI/Games/YappyBirds-2.0/../../External/thirdparty/SDL2/include","/Users/jamesfolk/Documents/NJLI/Games/YappyBirds-2.0/../../Engine/generated/include");
				INSTALL_PATH = "";
				OTHER_LDFLAGS = " ";
				OTHER_REZFLAGS = "";
				PRODUCT_NAME = ALL_BUILD;
				SECTORDER_FLAGS = "";
				SYMROOT = "/Users/jamesfolk/Documents/NJLI/Games/YappyBirds-2.0/projects/macOS_Xcode";
				USE_HEADERMAP = NO;
				WARNING_CFLAGS = ("-Wmost","-Wno-four-char-constants","-Wno-unknown-pragmas","$(inherited)");
			};
			name = MinSizeRel;
		};
		383889E5171240D5BAB8E94E /* MinSizeRel */ = {
			isa = XCBuildConfiguration;
			buildSettings = {
				ONLY_ACTIVE_ARCH = YES;
				SDKROOT = "/Applications/Xcode-beta.app/Contents/Developer/Platforms/MacOSX.platform/Developer/SDKs/MacOSX10.13.sdk";
				SYMROOT = "/Users/jamesfolk/Documents/NJLI/Games/YappyBirds-2.0/projects/macOS_Xcode/build";
			};
			name = MinSizeRel;
		};
		392653CF920049908FAD7FF5 /* Debug */ = {
			isa = XCBuildConfiguration;
			buildSettings = {
				COMBINE_HIDPI_IMAGES = YES;
				GCC_GENERATE_DEBUGGING_SYMBOLS = YES;
				GCC_INLINES_ARE_PRIVATE_EXTERN = NO;
				GCC_OPTIMIZATION_LEVEL = 0;
				GCC_PREPROCESSOR_DEFINITIONS = ("'CMAKE_INTDIR=\"$(CONFIGURATION)$(EFFECTIVE_PLATFORM_NAME)\"'","'NJLI_VERSION_MAJOR=\"\"'","'NJLI_VERSION_MINOR=\"\"'","'NJLI_VERSION_RELEASE=\"\"'");
				GCC_SYMBOLS_PRIVATE_EXTERN = NO;
				HEADER_SEARCH_PATHS = (/Applications/Xcode.app/Contents/Developer/Platforms/MacOSX.platform/Developer/SDKs/MacOSX.sdk/System/Library/Frameworks,"/Users/jamesfolk/Documents/NJLI/Games/YappyBirds-2.0/../../External/thirdparty/SDL2/include","/Users/jamesfolk/Documents/NJLI/Games/YappyBirds-2.0/../../Engine/generated/include");
				INSTALL_PATH = "";
				OTHER_LDFLAGS = " ";
				OTHER_REZFLAGS = "";
				PRODUCT_NAME = CreateIcons;
				SECTORDER_FLAGS = "";
				SYMROOT = "/Users/jamesfolk/Documents/NJLI/Games/YappyBirds-2.0/projects/macOS_Xcode";
				USE_HEADERMAP = NO;
				WARNING_CFLAGS = ("-Wmost","-Wno-four-char-constants","-Wno-unknown-pragmas","$(inherited)");
			};
			name = Debug;
		};
		4080ECDC60A443B5AE46A078 /* Release */ = {
			isa = XCBuildConfiguration;
			buildSettings = {
				COMBINE_HIDPI_IMAGES = YES;
				GCC_GENERATE_DEBUGGING_SYMBOLS = YES;
				GCC_INLINES_ARE_PRIVATE_EXTERN = NO;
				GCC_OPTIMIZATION_LEVEL = 0;
				GCC_PREPROCESSOR_DEFINITIONS = ("'CMAKE_INTDIR=\"$(CONFIGURATION)$(EFFECTIVE_PLATFORM_NAME)\"'","'NJLI_VERSION_MAJOR=\"\"'","'NJLI_VERSION_MINOR=\"\"'","'NJLI_VERSION_RELEASE=\"\"'");
				GCC_SYMBOLS_PRIVATE_EXTERN = NO;
				HEADER_SEARCH_PATHS = (/Applications/Xcode.app/Contents/Developer/Platforms/MacOSX.platform/Developer/SDKs/MacOSX.sdk/System/Library/Frameworks,"/Users/jamesfolk/Documents/NJLI/Games/YappyBirds-2.0/../../External/thirdparty/SDL2/include","/Users/jamesfolk/Documents/NJLI/Games/YappyBirds-2.0/../../Engine/generated/include");
				INSTALL_PATH = "";
				OTHER_LDFLAGS = " ";
				OTHER_REZFLAGS = "";
				PRODUCT_NAME = CreateIcons;
				SECTORDER_FLAGS = "";
				SYMROOT = "/Users/jamesfolk/Documents/NJLI/Games/YappyBirds-2.0/projects/macOS_Xcode";
				USE_HEADERMAP = NO;
				WARNING_CFLAGS = ("-Wmost","-Wno-four-char-constants","-Wno-unknown-pragmas","$(inherited)");
			};
			name = Release;
		};
		61FC08B348D245968E55F4AE /* MinSizeRel */ = {
			isa = XCBuildConfiguration;
			buildSettings = {
				COMBINE_HIDPI_IMAGES = YES;
				GCC_GENERATE_DEBUGGING_SYMBOLS = YES;
				GCC_INLINES_ARE_PRIVATE_EXTERN = NO;
				GCC_OPTIMIZATION_LEVEL = 0;
				GCC_PREPROCESSOR_DEFINITIONS = ("'CMAKE_INTDIR=\"$(CONFIGURATION)$(EFFECTIVE_PLATFORM_NAME)\"'","'NJLI_VERSION_MAJOR=\"\"'","'NJLI_VERSION_MINOR=\"\"'","'NJLI_VERSION_RELEASE=\"\"'");
				GCC_SYMBOLS_PRIVATE_EXTERN = NO;
				HEADER_SEARCH_PATHS = (/Applications/Xcode.app/Contents/Developer/Platforms/MacOSX.platform/Developer/SDKs/MacOSX.sdk/System/Library/Frameworks,"/Users/jamesfolk/Documents/NJLI/Games/YappyBirds-2.0/../../External/thirdparty/SDL2/include","/Users/jamesfolk/Documents/NJLI/Games/YappyBirds-2.0/../../Engine/generated/include");
				INSTALL_PATH = "";
				OTHER_LDFLAGS = " ";
				OTHER_REZFLAGS = "";
				PRODUCT_NAME = Ldoc;
				SECTORDER_FLAGS = "";
				SYMROOT = "/Users/jamesfolk/Documents/NJLI/Games/YappyBirds-2.0/projects/macOS_Xcode";
				USE_HEADERMAP = NO;
				WARNING_CFLAGS = ("-Wmost","-Wno-four-char-constants","-Wno-unknown-pragmas","$(inherited)");
			};
			name = MinSizeRel;
		};
		7410D11169414A139B9A1ABD /* Debug */ = {
			isa = XCBuildConfiguration;
			buildSettings = {
				COMBINE_HIDPI_IMAGES = YES;
				GCC_GENERATE_DEBUGGING_SYMBOLS = YES;
				GCC_INLINES_ARE_PRIVATE_EXTERN = NO;
				GCC_OPTIMIZATION_LEVEL = 0;
				GCC_PREPROCESSOR_DEFINITIONS = ("'CMAKE_INTDIR=\"$(CONFIGURATION)$(EFFECTIVE_PLATFORM_NAME)\"'");
				GCC_SYMBOLS_PRIVATE_EXTERN = NO;
				HEADER_SEARCH_PATHS = (/Applications/Xcode.app/Contents/Developer/Platforms/MacOSX.platform/Developer/SDKs/MacOSX.sdk/System/Library/Frameworks,"/Users/jamesfolk/Documents/NJLI/Games/YappyBirds-2.0/../../External/thirdparty/SDL2/include","/Users/jamesfolk/Documents/NJLI/Games/YappyBirds-2.0/../../Engine/generated/include");
				INSTALL_PATH = "";
				OTHER_LDFLAGS = " ";
				OTHER_REZFLAGS = "";
				PRODUCT_NAME = ALL_BUILD;
				SECTORDER_FLAGS = "";
				SYMROOT = "/Users/jamesfolk/Documents/NJLI/Games/YappyBirds-2.0/projects/macOS_Xcode";
				USE_HEADERMAP = NO;
				WARNING_CFLAGS = ("-Wmost","-Wno-four-char-constants","-Wno-unknown-pragmas","$(inherited)");
			};
			name = Debug;
		};
		75BA68A3DDA84008B7C913AD /* Release */ = {
			isa = XCBuildConfiguration;
			buildSettings = {
				ASSETCATALOG_COMPILER_APPICON_NAME = AppIcon;
				COMBINE_HIDPI_IMAGES = YES;
				CONFIGURATION_BUILD_DIR = "/Users/jamesfolk/Documents/NJLI/Games/YappyBirds-2.0/projects/macOS_Xcode/MyStage/Release";
				DEVELOPMENT_TEAM = SRBQ5SCF5X;
				EXECUTABLE_PREFIX = "";
				EXECUTABLE_SUFFIX = "";
				GCC_GENERATE_DEBUGGING_SYMBOLS = NO;
				GCC_INLINES_ARE_PRIVATE_EXTERN = NO;
				GCC_OPTIMIZATION_LEVEL = 3;
				GCC_PREPROCESSOR_DEFINITIONS = ("'CMAKE_INTDIR=\"$(CONFIGURATION)$(EFFECTIVE_PLATFORM_NAME)\"'","'NJLI_VERSION_MAJOR=\"\"'","'NJLI_VERSION_MINOR=\"\"'","'NJLI_VERSION_RELEASE=\"\"'");
				GCC_SYMBOLS_PRIVATE_EXTERN = NO;
				HEADER_SEARCH_PATHS = (/Applications/Xcode.app/Contents/Developer/Platforms/MacOSX.platform/Developer/SDKs/MacOSX.sdk/System/Library/Frameworks,"/Users/jamesfolk/Documents/NJLI/Games/YappyBirds-2.0/../../External/thirdparty/SDL2/include","/Users/jamesfolk/Documents/NJLI/Games/YappyBirds-2.0/../../Engine/generated/include");
				INFOPLIST_FILE = "/Users/jamesfolk/Documents/NJLI/Games/YappyBirds-2.0/projects/macOS_Xcode/CMakeFiles/YappyBirds.dir/Info.plist";
				INSTALL_PATH = "";
				LIBRARY_SEARCH_PATHS = "";
				OTHER_CPLUSPLUSFLAGS = " -std=gnu++11     -DNDEBUG  ";
				OTHER_LDFLAGS = " -Wl,-search_paths_first -Wl,-headerpad_max_install_names  -framework OpenGL -framework Foundation -framework AudioToolbox -framework AVFoundation -framework CoreVideo -framework Cocoa -framework CoreAudio -framework ForceFeedback -framework IOKit -framework AudioToolbox -framework CoreFoundation -framework AudioUnit -framework Carbon -framework OpenAL /Users/jamesfolk/Documents/NJLI/Games/YappyBirds-2.0/../../Engine/generated/platform/macOS/10.13/macosx/Release/lib/libnjli.dylib -framework AVFoundation -framework CoreVideo -framework Cocoa -framework CoreAudio -framework ForceFeedback -framework IOKit -framework CoreFoundation -framework AudioUnit -framework Carbon -framework OpenAL";
				OTHER_REZFLAGS = "";
				PRODUCT_BUNDLE_IDENTIFIER = com.njligames.YappyBirds;
				PRODUCT_NAME = YappyBirds;
				SECTORDER_FLAGS = "";
				SYMROOT = "/Users/jamesfolk/Documents/NJLI/Games/YappyBirds-2.0/projects/macOS_Xcode";
				USE_HEADERMAP = NO;
				WARNING_CFLAGS = ("-Wmost","-Wno-four-char-constants","-Wno-unknown-pragmas","$(inherited)");
			};
			name = Release;
		};
		7720F10B28234B298F2D3533 /* Release */ = {
			isa = XCBuildConfiguration;
			buildSettings = {
				ONLY_ACTIVE_ARCH = YES;
				SDKROOT = "/Applications/Xcode-beta.app/Contents/Developer/Platforms/MacOSX.platform/Developer/SDKs/MacOSX10.13.sdk";
				SYMROOT = "/Users/jamesfolk/Documents/NJLI/Games/YappyBirds-2.0/projects/macOS_Xcode/build";
			};
			name = Release;
		};
		7FD462A86FE84CF4B76B0623 /* MinSizeRel */ = {
			isa = XCBuildConfiguration;
			buildSettings = {
				COMBINE_HIDPI_IMAGES = YES;
				GCC_GENERATE_DEBUGGING_SYMBOLS = YES;
				GCC_INLINES_ARE_PRIVATE_EXTERN = NO;
				GCC_OPTIMIZATION_LEVEL = 0;
				GCC_PREPROCESSOR_DEFINITIONS = ("'CMAKE_INTDIR=\"$(CONFIGURATION)$(EFFECTIVE_PLATFORM_NAME)\"'");
				GCC_SYMBOLS_PRIVATE_EXTERN = NO;
				HEADER_SEARCH_PATHS = (/Applications/Xcode.app/Contents/Developer/Platforms/MacOSX.platform/Developer/SDKs/MacOSX.sdk/System/Library/Frameworks,"/Users/jamesfolk/Documents/NJLI/Games/YappyBirds-2.0/../../External/thirdparty/SDL2/include","/Users/jamesfolk/Documents/NJLI/Games/YappyBirds-2.0/../../Engine/generated/include");
				INSTALL_PATH = "";
				OTHER_LDFLAGS = " ";
				OTHER_REZFLAGS = "";
				PRODUCT_NAME = ZERO_CHECK;
				SECTORDER_FLAGS = "";
				SYMROOT = "/Users/jamesfolk/Documents/NJLI/Games/YappyBirds-2.0/projects/macOS_Xcode";
				USE_HEADERMAP = NO;
				WARNING_CFLAGS = ("-Wmost","-Wno-four-char-constants","-Wno-unknown-pragmas","$(inherited)");
			};
			name = MinSizeRel;
		};
		83FC7073576149EABDB3D16A /* RelWithDebInfo */ = {
			isa = XCBuildConfiguration;
			buildSettings = {
				COMBINE_HIDPI_IMAGES = YES;
				GCC_GENERATE_DEBUGGING_SYMBOLS = YES;
				GCC_INLINES_ARE_PRIVATE_EXTERN = NO;
				GCC_OPTIMIZATION_LEVEL = 0;
				GCC_PREPROCESSOR_DEFINITIONS = ("'CMAKE_INTDIR=\"$(CONFIGURATION)$(EFFECTIVE_PLATFORM_NAME)\"'");
				GCC_SYMBOLS_PRIVATE_EXTERN = NO;
				HEADER_SEARCH_PATHS = (/Applications/Xcode.app/Contents/Developer/Platforms/MacOSX.platform/Developer/SDKs/MacOSX.sdk/System/Library/Frameworks,"/Users/jamesfolk/Documents/NJLI/Games/YappyBirds-2.0/../../External/thirdparty/SDL2/include","/Users/jamesfolk/Documents/NJLI/Games/YappyBirds-2.0/../../Engine/generated/include");
				INSTALL_PATH = "";
				OTHER_LDFLAGS = " ";
				OTHER_REZFLAGS = "";
				PRODUCT_NAME = package;
				SECTORDER_FLAGS = "";
				SYMROOT = "/Users/jamesfolk/Documents/NJLI/Games/YappyBirds-2.0/projects/macOS_Xcode";
				USE_HEADERMAP = NO;
				WARNING_CFLAGS = ("-Wmost","-Wno-four-char-constants","-Wno-unknown-pragmas","$(inherited)");
			};
			name = RelWithDebInfo;
		};
		A4794E5796C54E1E8C83A68B /* Release */ = {
			isa = XCBuildConfiguration;
			buildSettings = {
				COMBINE_HIDPI_IMAGES = YES;
				GCC_GENERATE_DEBUGGING_SYMBOLS = YES;
				GCC_INLINES_ARE_PRIVATE_EXTERN = NO;
				GCC_OPTIMIZATION_LEVEL = 0;
				GCC_PREPROCESSOR_DEFINITIONS = ("'CMAKE_INTDIR=\"$(CONFIGURATION)$(EFFECTIVE_PLATFORM_NAME)\"'");
				GCC_SYMBOLS_PRIVATE_EXTERN = NO;
				HEADER_SEARCH_PATHS = (/Applications/Xcode.app/Contents/Developer/Platforms/MacOSX.platform/Developer/SDKs/MacOSX.sdk/System/Library/Frameworks,"/Users/jamesfolk/Documents/NJLI/Games/YappyBirds-2.0/../../External/thirdparty/SDL2/include","/Users/jamesfolk/Documents/NJLI/Games/YappyBirds-2.0/../../Engine/generated/include");
				INSTALL_PATH = "";
				OTHER_LDFLAGS = " ";
				OTHER_REZFLAGS = "";
				PRODUCT_NAME = package;
				SECTORDER_FLAGS = "";
				SYMROOT = "/Users/jamesfolk/Documents/NJLI/Games/YappyBirds-2.0/projects/macOS_Xcode";
				USE_HEADERMAP = NO;
				WARNING_CFLAGS = ("-Wmost","-Wno-four-char-constants","-Wno-unknown-pragmas","$(inherited)");
			};
			name = Release;
		};
		A771F2C147BB4257B3AEC50F /* Release */ = {
			isa = XCBuildConfiguration;
			buildSettings = {
				COMBINE_HIDPI_IMAGES = YES;
				GCC_GENERATE_DEBUGGING_SYMBOLS = YES;
				GCC_INLINES_ARE_PRIVATE_EXTERN = NO;
				GCC_OPTIMIZATION_LEVEL = 0;
				GCC_PREPROCESSOR_DEFINITIONS = ("'CMAKE_INTDIR=\"$(CONFIGURATION)$(EFFECTIVE_PLATFORM_NAME)\"'","'NJLI_VERSION_MAJOR=\"\"'","'NJLI_VERSION_MINOR=\"\"'","'NJLI_VERSION_RELEASE=\"\"'");
				GCC_SYMBOLS_PRIVATE_EXTERN = NO;
				HEADER_SEARCH_PATHS = (/Applications/Xcode.app/Contents/Developer/Platforms/MacOSX.platform/Developer/SDKs/MacOSX.sdk/System/Library/Frameworks,"/Users/jamesfolk/Documents/NJLI/Games/YappyBirds-2.0/../../External/thirdparty/SDL2/include","/Users/jamesfolk/Documents/NJLI/Games/YappyBirds-2.0/../../Engine/generated/include");
				INSTALL_PATH = "";
				OTHER_LDFLAGS = " ";
				OTHER_REZFLAGS = "";
				PRODUCT_NAME = Ldoc;
				SECTORDER_FLAGS = "";
				SYMROOT = "/Users/jamesfolk/Documents/NJLI/Games/YappyBirds-2.0/projects/macOS_Xcode";
				USE_HEADERMAP = NO;
				WARNING_CFLAGS = ("-Wmost","-Wno-four-char-constants","-Wno-unknown-pragmas","$(inherited)");
			};
			name = Release;
		};
		ACFEBBC052EB4A1A88E1836A /* RelWithDebInfo */ = {
			isa = XCBuildConfiguration;
			buildSettings = {
				COMBINE_HIDPI_IMAGES = YES;
				GCC_GENERATE_DEBUGGING_SYMBOLS = YES;
				GCC_INLINES_ARE_PRIVATE_EXTERN = NO;
				GCC_OPTIMIZATION_LEVEL = 0;
				GCC_PREPROCESSOR_DEFINITIONS = ("'CMAKE_INTDIR=\"$(CONFIGURATION)$(EFFECTIVE_PLATFORM_NAME)\"'");
				GCC_SYMBOLS_PRIVATE_EXTERN = NO;
				HEADER_SEARCH_PATHS = (/Applications/Xcode.app/Contents/Developer/Platforms/MacOSX.platform/Developer/SDKs/MacOSX.sdk/System/Library/Frameworks,"/Users/jamesfolk/Documents/NJLI/Games/YappyBirds-2.0/../../External/thirdparty/SDL2/include","/Users/jamesfolk/Documents/NJLI/Games/YappyBirds-2.0/../../Engine/generated/include");
				INSTALL_PATH = "";
				OTHER_LDFLAGS = " ";
				OTHER_REZFLAGS = "";
				PRODUCT_NAME = ZERO_CHECK;
				SECTORDER_FLAGS = "";
				SYMROOT = "/Users/jamesfolk/Documents/NJLI/Games/YappyBirds-2.0/projects/macOS_Xcode";
				USE_HEADERMAP = NO;
				WARNING_CFLAGS = ("-Wmost","-Wno-four-char-constants","-Wno-unknown-pragmas","$(inherited)");
			};
			name = RelWithDebInfo;
		};
		B89C441148B8495BAE7426E1 /* MinSizeRel */ = {
			isa = XCBuildConfiguration;
			buildSettings = {
				ASSETCATALOG_COMPILER_APPICON_NAME = AppIcon;
				COMBINE_HIDPI_IMAGES = YES;
				CONFIGURATION_BUILD_DIR = "/Users/jamesfolk/Documents/NJLI/Games/YappyBirds-2.0/projects/macOS_Xcode/MyStage/MinSizeRel";
				DEVELOPMENT_TEAM = SRBQ5SCF5X;
				EXECUTABLE_PREFIX = "";
				EXECUTABLE_SUFFIX = "";
				GCC_GENERATE_DEBUGGING_SYMBOLS = NO;
				GCC_INLINES_ARE_PRIVATE_EXTERN = NO;
				GCC_OPTIMIZATION_LEVEL = s;
				GCC_PREPROCESSOR_DEFINITIONS = ("'CMAKE_INTDIR=\"$(CONFIGURATION)$(EFFECTIVE_PLATFORM_NAME)\"'","'NJLI_VERSION_MAJOR=\"\"'","'NJLI_VERSION_MINOR=\"\"'","'NJLI_VERSION_RELEASE=\"\"'");
				GCC_SYMBOLS_PRIVATE_EXTERN = NO;
				HEADER_SEARCH_PATHS = (/Applications/Xcode.app/Contents/Developer/Platforms/MacOSX.platform/Developer/SDKs/MacOSX.sdk/System/Library/Frameworks,"/Users/jamesfolk/Documents/NJLI/Games/YappyBirds-2.0/../../External/thirdparty/SDL2/include","/Users/jamesfolk/Documents/NJLI/Games/YappyBirds-2.0/../../Engine/generated/include");
				INFOPLIST_FILE = "/Users/jamesfolk/Documents/NJLI/Games/YappyBirds-2.0/projects/macOS_Xcode/CMakeFiles/YappyBirds.dir/Info.plist";
				INSTALL_PATH = "";
				LIBRARY_SEARCH_PATHS = "";
				OTHER_CPLUSPLUSFLAGS = " -std=gnu++11     -DNDEBUG  ";
				OTHER_LDFLAGS = " -Wl,-search_paths_first -Wl,-headerpad_max_install_names  -framework OpenGL -framework Foundation -framework AudioToolbox -framework AVFoundation -framework CoreVideo -framework Cocoa -framework CoreAudio -framework ForceFeedback -framework IOKit -framework AudioToolbox -framework CoreFoundation -framework AudioUnit -framework Carbon -framework OpenAL /Users/jamesfolk/Documents/NJLI/Games/YappyBirds-2.0/../../Engine/generated/platform/macOS/10.13/macosx/Release/lib/libnjli.dylib -framework AVFoundation -framework CoreVideo -framework Cocoa -framework CoreAudio -framework ForceFeedback -framework IOKit -framework CoreFoundation -framework AudioUnit -framework Carbon -framework OpenAL";
				OTHER_REZFLAGS = "";
				PRODUCT_BUNDLE_IDENTIFIER = com.njligames.YappyBirds;
				PRODUCT_NAME = YappyBirds;
				SECTORDER_FLAGS = "";
				SYMROOT = "/Users/jamesfolk/Documents/NJLI/Games/YappyBirds-2.0/projects/macOS_Xcode";
				USE_HEADERMAP = NO;
				WARNING_CFLAGS = ("-Wmost","-Wno-four-char-constants","-Wno-unknown-pragmas","$(inherited)");
			};
			name = MinSizeRel;
		};
		BAFDCC52B47C48CF8FFF9B6A /* RelWithDebInfo */ = {
			isa = XCBuildConfiguration;
			buildSettings = {
				COMBINE_HIDPI_IMAGES = YES;
				GCC_GENERATE_DEBUGGING_SYMBOLS = YES;
				GCC_INLINES_ARE_PRIVATE_EXTERN = NO;
				GCC_OPTIMIZATION_LEVEL = 0;
				GCC_PREPROCESSOR_DEFINITIONS = ("'CMAKE_INTDIR=\"$(CONFIGURATION)$(EFFECTIVE_PLATFORM_NAME)\"'","'NJLI_VERSION_MAJOR=\"\"'","'NJLI_VERSION_MINOR=\"\"'","'NJLI_VERSION_RELEASE=\"\"'");
				GCC_SYMBOLS_PRIVATE_EXTERN = NO;
				HEADER_SEARCH_PATHS = (/Applications/Xcode.app/Contents/Developer/Platforms/MacOSX.platform/Developer/SDKs/MacOSX.sdk/System/Library/Frameworks,"/Users/jamesfolk/Documents/NJLI/Games/YappyBirds-2.0/../../External/thirdparty/SDL2/include","/Users/jamesfolk/Documents/NJLI/Games/YappyBirds-2.0/../../Engine/generated/include");
				INSTALL_PATH = "";
				OTHER_LDFLAGS = " ";
				OTHER_REZFLAGS = "";
				PRODUCT_NAME = CreateIcons;
				SECTORDER_FLAGS = "";
				SYMROOT = "/Users/jamesfolk/Documents/NJLI/Games/YappyBirds-2.0/projects/macOS_Xcode";
				USE_HEADERMAP = NO;
				WARNING_CFLAGS = ("-Wmost","-Wno-four-char-constants","-Wno-unknown-pragmas","$(inherited)");
			};
			name = RelWithDebInfo;
		};
		C4474EDB2C2544259795A138 /* Debug */ = {
			isa = XCBuildConfiguration;
			buildSettings = {
				COMBINE_HIDPI_IMAGES = YES;
				GCC_GENERATE_DEBUGGING_SYMBOLS = YES;
				GCC_INLINES_ARE_PRIVATE_EXTERN = NO;
				GCC_OPTIMIZATION_LEVEL = 0;
				GCC_PREPROCESSOR_DEFINITIONS = ("'CMAKE_INTDIR=\"$(CONFIGURATION)$(EFFECTIVE_PLATFORM_NAME)\"'");
				GCC_SYMBOLS_PRIVATE_EXTERN = NO;
				HEADER_SEARCH_PATHS = (/Applications/Xcode.app/Contents/Developer/Platforms/MacOSX.platform/Developer/SDKs/MacOSX.sdk/System/Library/Frameworks,"/Users/jamesfolk/Documents/NJLI/Games/YappyBirds-2.0/../../External/thirdparty/SDL2/include","/Users/jamesfolk/Documents/NJLI/Games/YappyBirds-2.0/../../Engine/generated/include");
				INSTALL_PATH = "";
				OTHER_LDFLAGS = " ";
				OTHER_REZFLAGS = "";
				PRODUCT_NAME = ZERO_CHECK;
				SECTORDER_FLAGS = "";
				SYMROOT = "/Users/jamesfolk/Documents/NJLI/Games/YappyBirds-2.0/projects/macOS_Xcode";
				USE_HEADERMAP = NO;
				WARNING_CFLAGS = ("-Wmost","-Wno-four-char-constants","-Wno-unknown-pragmas","$(inherited)");
			};
			name = Debug;
		};
		CC082CD1B62447DF9B73F48B /* Debug */ = {
			isa = XCBuildConfiguration;
			buildSettings = {
				COMBINE_HIDPI_IMAGES = YES;
				GCC_GENERATE_DEBUGGING_SYMBOLS = YES;
				GCC_INLINES_ARE_PRIVATE_EXTERN = NO;
				GCC_OPTIMIZATION_LEVEL = 0;
				GCC_PREPROCESSOR_DEFINITIONS = ("'CMAKE_INTDIR=\"$(CONFIGURATION)$(EFFECTIVE_PLATFORM_NAME)\"'");
				GCC_SYMBOLS_PRIVATE_EXTERN = NO;
				HEADER_SEARCH_PATHS = (/Applications/Xcode.app/Contents/Developer/Platforms/MacOSX.platform/Developer/SDKs/MacOSX.sdk/System/Library/Frameworks,"/Users/jamesfolk/Documents/NJLI/Games/YappyBirds-2.0/../../External/thirdparty/SDL2/include","/Users/jamesfolk/Documents/NJLI/Games/YappyBirds-2.0/../../Engine/generated/include");
				INSTALL_PATH = "";
				OTHER_LDFLAGS = " ";
				OTHER_REZFLAGS = "";
				PRODUCT_NAME = install;
				SECTORDER_FLAGS = "";
				SYMROOT = "/Users/jamesfolk/Documents/NJLI/Games/YappyBirds-2.0/projects/macOS_Xcode";
				USE_HEADERMAP = NO;
				WARNING_CFLAGS = ("-Wmost","-Wno-four-char-constants","-Wno-unknown-pragmas","$(inherited)");
			};
			name = Debug;
		};
		DACCF69997A04353BB229D3A /* RelWithDebInfo */ = {
			isa = XCBuildConfiguration;
			buildSettings = {
				ONLY_ACTIVE_ARCH = YES;
				SDKROOT = "/Applications/Xcode-beta.app/Contents/Developer/Platforms/MacOSX.platform/Developer/SDKs/MacOSX10.13.sdk";
				SYMROOT = "/Users/jamesfolk/Documents/NJLI/Games/YappyBirds-2.0/projects/macOS_Xcode/build";
			};
			name = RelWithDebInfo;
		};
		EFED31B45C5F46F28D798BC3 /* Debug */ = {
			isa = XCBuildConfiguration;
			buildSettings = {
				COMBINE_HIDPI_IMAGES = YES;
				GCC_GENERATE_DEBUGGING_SYMBOLS = YES;
				GCC_INLINES_ARE_PRIVATE_EXTERN = NO;
				GCC_OPTIMIZATION_LEVEL = 0;
				GCC_PREPROCESSOR_DEFINITIONS = ("'CMAKE_INTDIR=\"$(CONFIGURATION)$(EFFECTIVE_PLATFORM_NAME)\"'","'NJLI_VERSION_MAJOR=\"\"'","'NJLI_VERSION_MINOR=\"\"'","'NJLI_VERSION_RELEASE=\"\"'");
				GCC_SYMBOLS_PRIVATE_EXTERN = NO;
				HEADER_SEARCH_PATHS = (/Applications/Xcode.app/Contents/Developer/Platforms/MacOSX.platform/Developer/SDKs/MacOSX.sdk/System/Library/Frameworks,"/Users/jamesfolk/Documents/NJLI/Games/YappyBirds-2.0/../../External/thirdparty/SDL2/include","/Users/jamesfolk/Documents/NJLI/Games/YappyBirds-2.0/../../Engine/generated/include");
				INSTALL_PATH = "";
				OTHER_LDFLAGS = " ";
				OTHER_REZFLAGS = "";
				PRODUCT_NAME = Ldoc;
				SECTORDER_FLAGS = "";
				SYMROOT = "/Users/jamesfolk/Documents/NJLI/Games/YappyBirds-2.0/projects/macOS_Xcode";
				USE_HEADERMAP = NO;
				WARNING_CFLAGS = ("-Wmost","-Wno-four-char-constants","-Wno-unknown-pragmas","$(inherited)");
			};
			name = Debug;
		};
		F0966FCDE9A440A1BDEBCD1F /* Release */ = {
			isa = XCBuildConfiguration;
			buildSettings = {
				COMBINE_HIDPI_IMAGES = YES;
				GCC_GENERATE_DEBUGGING_SYMBOLS = YES;
				GCC_INLINES_ARE_PRIVATE_EXTERN = NO;
				GCC_OPTIMIZATION_LEVEL = 0;
				GCC_PREPROCESSOR_DEFINITIONS = ("'CMAKE_INTDIR=\"$(CONFIGURATION)$(EFFECTIVE_PLATFORM_NAME)\"'");
				GCC_SYMBOLS_PRIVATE_EXTERN = NO;
				HEADER_SEARCH_PATHS = (/Applications/Xcode.app/Contents/Developer/Platforms/MacOSX.platform/Developer/SDKs/MacOSX.sdk/System/Library/Frameworks,"/Users/jamesfolk/Documents/NJLI/Games/YappyBirds-2.0/../../External/thirdparty/SDL2/include","/Users/jamesfolk/Documents/NJLI/Games/YappyBirds-2.0/../../Engine/generated/include");
				INSTALL_PATH = "";
				OTHER_LDFLAGS = " ";
				OTHER_REZFLAGS = "";
				PRODUCT_NAME = ALL_BUILD;
				SECTORDER_FLAGS = "";
				SYMROOT = "/Users/jamesfolk/Documents/NJLI/Games/YappyBirds-2.0/projects/macOS_Xcode";
				USE_HEADERMAP = NO;
				WARNING_CFLAGS = ("-Wmost","-Wno-four-char-constants","-Wno-unknown-pragmas","$(inherited)");
			};
			name = Release;
		};
		F49386A069CC46F78DEE47F3 /* MinSizeRel */ = {
			isa = XCBuildConfiguration;
			buildSettings = {
				COMBINE_HIDPI_IMAGES = YES;
				GCC_GENERATE_DEBUGGING_SYMBOLS = YES;
				GCC_INLINES_ARE_PRIVATE_EXTERN = NO;
				GCC_OPTIMIZATION_LEVEL = 0;
				GCC_PREPROCESSOR_DEFINITIONS = ("'CMAKE_INTDIR=\"$(CONFIGURATION)$(EFFECTIVE_PLATFORM_NAME)\"'");
				GCC_SYMBOLS_PRIVATE_EXTERN = NO;
				HEADER_SEARCH_PATHS = (/Applications/Xcode.app/Contents/Developer/Platforms/MacOSX.platform/Developer/SDKs/MacOSX.sdk/System/Library/Frameworks,"/Users/jamesfolk/Documents/NJLI/Games/YappyBirds-2.0/../../External/thirdparty/SDL2/include","/Users/jamesfolk/Documents/NJLI/Games/YappyBirds-2.0/../../Engine/generated/include");
				INSTALL_PATH = "";
				OTHER_LDFLAGS = " ";
				OTHER_REZFLAGS = "";
				PRODUCT_NAME = package;
				SECTORDER_FLAGS = "";
				SYMROOT = "/Users/jamesfolk/Documents/NJLI/Games/YappyBirds-2.0/projects/macOS_Xcode";
				USE_HEADERMAP = NO;
				WARNING_CFLAGS = ("-Wmost","-Wno-four-char-constants","-Wno-unknown-pragmas","$(inherited)");
			};
			name = MinSizeRel;
		};
		F5D833831BCD4EB9808052A5 /* RelWithDebInfo */ = {
			isa = XCBuildConfiguration;
			buildSettings = {
				COMBINE_HIDPI_IMAGES = YES;
				GCC_GENERATE_DEBUGGING_SYMBOLS = YES;
				GCC_INLINES_ARE_PRIVATE_EXTERN = NO;
				GCC_OPTIMIZATION_LEVEL = 0;
				GCC_PREPROCESSOR_DEFINITIONS = ("'CMAKE_INTDIR=\"$(CONFIGURATION)$(EFFECTIVE_PLATFORM_NAME)\"'","'NJLI_VERSION_MAJOR=\"\"'","'NJLI_VERSION_MINOR=\"\"'","'NJLI_VERSION_RELEASE=\"\"'");
				GCC_SYMBOLS_PRIVATE_EXTERN = NO;
				HEADER_SEARCH_PATHS = (/Applications/Xcode.app/Contents/Developer/Platforms/MacOSX.platform/Developer/SDKs/MacOSX.sdk/System/Library/Frameworks,"/Users/jamesfolk/Documents/NJLI/Games/YappyBirds-2.0/../../External/thirdparty/SDL2/include","/Users/jamesfolk/Documents/NJLI/Games/YappyBirds-2.0/../../Engine/generated/include");
				INSTALL_PATH = "";
				OTHER_LDFLAGS = " ";
				OTHER_REZFLAGS = "";
				PRODUCT_NAME = Ldoc;
				SECTORDER_FLAGS = "";
				SYMROOT = "/Users/jamesfolk/Documents/NJLI/Games/YappyBirds-2.0/projects/macOS_Xcode";
				USE_HEADERMAP = NO;
				WARNING_CFLAGS = ("-Wmost","-Wno-four-char-constants","-Wno-unknown-pragmas","$(inherited)");
			};
			name = RelWithDebInfo;
		};
		F66BCEC728A348CDB3CFA6EA /* Debug */ = {
			isa = XCBuildConfiguration;
			buildSettings = {
				ASSETCATALOG_COMPILER_APPICON_NAME = AppIcon;
				COMBINE_HIDPI_IMAGES = YES;
				CONFIGURATION_BUILD_DIR = "/Users/jamesfolk/Documents/NJLI/Games/YappyBirds-2.0/projects/macOS_Xcode/MyStage/Debug";
				DEVELOPMENT_TEAM = SRBQ5SCF5X;
				EXECUTABLE_PREFIX = "";
				EXECUTABLE_SUFFIX = "";
				GCC_GENERATE_DEBUGGING_SYMBOLS = YES;
				GCC_INLINES_ARE_PRIVATE_EXTERN = NO;
				GCC_OPTIMIZATION_LEVEL = 0;
				GCC_PREPROCESSOR_DEFINITIONS = ("'CMAKE_INTDIR=\"$(CONFIGURATION)$(EFFECTIVE_PLATFORM_NAME)\"'","'NJLI_VERSION_MAJOR=\"\"'","'NJLI_VERSION_MINOR=\"\"'","'NJLI_VERSION_RELEASE=\"\"'");
				GCC_SYMBOLS_PRIVATE_EXTERN = NO;
				HEADER_SEARCH_PATHS = (/Applications/Xcode.app/Contents/Developer/Platforms/MacOSX.platform/Developer/SDKs/MacOSX.sdk/System/Library/Frameworks,"/Users/jamesfolk/Documents/NJLI/Games/YappyBirds-2.0/../../External/thirdparty/SDL2/include","/Users/jamesfolk/Documents/NJLI/Games/YappyBirds-2.0/../../Engine/generated/include");
				INFOPLIST_FILE = "/Users/jamesfolk/Documents/NJLI/Games/YappyBirds-2.0/projects/macOS_Xcode/CMakeFiles/YappyBirds.dir/Info.plist";
				INSTALL_PATH = "";
				LIBRARY_SEARCH_PATHS = "";
				OTHER_CPLUSPLUSFLAGS = " -std=gnu++11     ";
				OTHER_LDFLAGS = " -Wl,-search_paths_first -Wl,-headerpad_max_install_names  -framework OpenGL -framework Foundation -framework AudioToolbox -framework AVFoundation -framework CoreVideo -framework Cocoa -framework CoreAudio -framework ForceFeedback -framework IOKit -framework AudioToolbox -framework CoreFoundation -framework AudioUnit -framework Carbon -framework OpenAL /Users/jamesfolk/Documents/NJLI/Games/YappyBirds-2.0/../../Engine/generated/platform/macOS/10.13/macosx/Release/lib/libnjli.dylib -framework AVFoundation -framework CoreVideo -framework Cocoa -framework CoreAudio -framework ForceFeedback -framework IOKit -framework CoreFoundation -framework AudioUnit -framework Carbon -framework OpenAL";
				OTHER_REZFLAGS = "";
				PRODUCT_BUNDLE_IDENTIFIER = com.njligames.YappyBirds;
				PRODUCT_NAME = YappyBirds;
				SECTORDER_FLAGS = "";
				SYMROOT = "/Users/jamesfolk/Documents/NJLI/Games/YappyBirds-2.0/projects/macOS_Xcode";
				USE_HEADERMAP = NO;
				WARNING_CFLAGS = ("-Wmost","-Wno-four-char-constants","-Wno-unknown-pragmas","$(inherited)");
			};
			name = Debug;
		};
		FC8A59E16FEF42C6BC82AA4D /* RelWithDebInfo */ = {
			isa = XCBuildConfiguration;
			buildSettings = {
				ASSETCATALOG_COMPILER_APPICON_NAME = AppIcon;
				COMBINE_HIDPI_IMAGES = YES;
				CONFIGURATION_BUILD_DIR = "/Users/jamesfolk/Documents/NJLI/Games/YappyBirds-2.0/projects/macOS_Xcode/MyStage/RelWithDebInfo";
				DEVELOPMENT_TEAM = SRBQ5SCF5X;
				EXECUTABLE_PREFIX = "";
				EXECUTABLE_SUFFIX = "";
				GCC_GENERATE_DEBUGGING_SYMBOLS = YES;
				GCC_INLINES_ARE_PRIVATE_EXTERN = NO;
				GCC_OPTIMIZATION_LEVEL = 2;
				GCC_PREPROCESSOR_DEFINITIONS = ("'CMAKE_INTDIR=\"$(CONFIGURATION)$(EFFECTIVE_PLATFORM_NAME)\"'","'NJLI_VERSION_MAJOR=\"\"'","'NJLI_VERSION_MINOR=\"\"'","'NJLI_VERSION_RELEASE=\"\"'");
				GCC_SYMBOLS_PRIVATE_EXTERN = NO;
				HEADER_SEARCH_PATHS = (/Applications/Xcode.app/Contents/Developer/Platforms/MacOSX.platform/Developer/SDKs/MacOSX.sdk/System/Library/Frameworks,"/Users/jamesfolk/Documents/NJLI/Games/YappyBirds-2.0/../../External/thirdparty/SDL2/include","/Users/jamesfolk/Documents/NJLI/Games/YappyBirds-2.0/../../Engine/generated/include");
				INFOPLIST_FILE = "/Users/jamesfolk/Documents/NJLI/Games/YappyBirds-2.0/projects/macOS_Xcode/CMakeFiles/YappyBirds.dir/Info.plist";
				INSTALL_PATH = "";
				LIBRARY_SEARCH_PATHS = "";
				OTHER_CPLUSPLUSFLAGS = " -std=gnu++11        -DNDEBUG  ";
				OTHER_LDFLAGS = " -Wl,-search_paths_first -Wl,-headerpad_max_install_names  -framework OpenGL -framework Foundation -framework AudioToolbox -framework AVFoundation -framework CoreVideo -framework Cocoa -framework CoreAudio -framework ForceFeedback -framework IOKit -framework AudioToolbox -framework CoreFoundation -framework AudioUnit -framework Carbon -framework OpenAL /Users/jamesfolk/Documents/NJLI/Games/YappyBirds-2.0/../../Engine/generated/platform/macOS/10.13/macosx/Release/lib/libnjli.dylib -framework AVFoundation -framework CoreVideo -framework Cocoa -framework CoreAudio -framework ForceFeedback -framework IOKit -framework CoreFoundation -framework AudioUnit -framework Carbon -framework OpenAL";
				OTHER_REZFLAGS = "";
				PRODUCT_BUNDLE_IDENTIFIER = com.njligames.YappyBirds;
				PRODUCT_NAME = YappyBirds;
				SECTORDER_FLAGS = "";
				SYMROOT = "/Users/jamesfolk/Documents/NJLI/Games/YappyBirds-2.0/projects/macOS_Xcode";
				USE_HEADERMAP = NO;
				WARNING_CFLAGS = ("-Wmost","-Wno-four-char-constants","-Wno-unknown-pragmas","$(inherited)");
			};
			name = RelWithDebInfo;
		};
		FC8D067B57144DA1BCFC0E55 /* RelWithDebInfo */ = {
			isa = XCBuildConfiguration;
			buildSettings = {
				COMBINE_HIDPI_IMAGES = YES;
				GCC_GENERATE_DEBUGGING_SYMBOLS = YES;
				GCC_INLINES_ARE_PRIVATE_EXTERN = NO;
				GCC_OPTIMIZATION_LEVEL = 0;
				GCC_PREPROCESSOR_DEFINITIONS = ("'CMAKE_INTDIR=\"$(CONFIGURATION)$(EFFECTIVE_PLATFORM_NAME)\"'");
				GCC_SYMBOLS_PRIVATE_EXTERN = NO;
				HEADER_SEARCH_PATHS = (/Applications/Xcode.app/Contents/Developer/Platforms/MacOSX.platform/Developer/SDKs/MacOSX.sdk/System/Library/Frameworks,"/Users/jamesfolk/Documents/NJLI/Games/YappyBirds-2.0/../../External/thirdparty/SDL2/include","/Users/jamesfolk/Documents/NJLI/Games/YappyBirds-2.0/../../Engine/generated/include");
				INSTALL_PATH = "";
				OTHER_LDFLAGS = " ";
				OTHER_REZFLAGS = "";
				PRODUCT_NAME = install;
				SECTORDER_FLAGS = "";
				SYMROOT = "/Users/jamesfolk/Documents/NJLI/Games/YappyBirds-2.0/projects/macOS_Xcode";
				USE_HEADERMAP = NO;
				WARNING_CFLAGS = ("-Wmost","-Wno-four-char-constants","-Wno-unknown-pragmas","$(inherited)");
			};
			name = RelWithDebInfo;
		};
/* End XCBuildConfiguration section */

/* Begin XCConfigurationList section */
		06046D0DB7D842C38A32627C /* Build configuration list for PBXAggregateTarget "install" */ = {
			isa = XCConfigurationList;
			buildConfigurations = (
				CC082CD1B62447DF9B73F48B /* Debug */,
				0C1E2E917BA24BC6A677009A /* Release */,
				15E27746E9F448F5A80CD3C7 /* MinSizeRel */,
				FC8D067B57144DA1BCFC0E55 /* RelWithDebInfo */,
			);
			defaultConfigurationIsVisible = 0;
			defaultConfigurationName = Debug;
		};
		0E2EF9C1511F43179F3B5464 /* Build configuration list for PBXProject "YappyBirds" */ = {
			isa = XCConfigurationList;
			buildConfigurations = (
				036A1701249E4207AD83790F /* Debug */,
				7720F10B28234B298F2D3533 /* Release */,
				383889E5171240D5BAB8E94E /* MinSizeRel */,
				DACCF69997A04353BB229D3A /* RelWithDebInfo */,
			);
			defaultConfigurationIsVisible = 0;
			defaultConfigurationName = Debug;
		};
		16E5A9D5988D412AB1D64A2D /* Build configuration list for PBXAggregateTarget "CreateIcons" */ = {
			isa = XCConfigurationList;
			buildConfigurations = (
				392653CF920049908FAD7FF5 /* Debug */,
				4080ECDC60A443B5AE46A078 /* Release */,
				2662DD5D22B346CCAF8E7373 /* MinSizeRel */,
				BAFDCC52B47C48CF8FFF9B6A /* RelWithDebInfo */,
			);
			defaultConfigurationIsVisible = 0;
			defaultConfigurationName = Debug;
		};
		3D06834B7F33404AAB3FC9B9 /* Build configuration list for PBXAggregateTarget "ZERO_CHECK" */ = {
			isa = XCConfigurationList;
			buildConfigurations = (
				C4474EDB2C2544259795A138 /* Debug */,
				299AC3C2A10C45B9879FA1DB /* Release */,
				7FD462A86FE84CF4B76B0623 /* MinSizeRel */,
				ACFEBBC052EB4A1A88E1836A /* RelWithDebInfo */,
			);
			defaultConfigurationIsVisible = 0;
			defaultConfigurationName = Debug;
		};
		6C9C4083419B4581AE024BB4 /* Build configuration list for PBXAggregateTarget "ALL_BUILD" */ = {
			isa = XCConfigurationList;
			buildConfigurations = (
				7410D11169414A139B9A1ABD /* Debug */,
				F0966FCDE9A440A1BDEBCD1F /* Release */,
				354AF5A1C17D452CB6015E7C /* MinSizeRel */,
				20E5758ECA5E428BABF1DAD7 /* RelWithDebInfo */,
			);
			defaultConfigurationIsVisible = 0;
			defaultConfigurationName = Debug;
		};
		947E7D7447504A849AFC9DCA /* Build configuration list for PBXAggregateTarget "package" */ = {
			isa = XCConfigurationList;
			buildConfigurations = (
				0BE37168EBDA48DA988581F3 /* Debug */,
				A4794E5796C54E1E8C83A68B /* Release */,
				F49386A069CC46F78DEE47F3 /* MinSizeRel */,
				83FC7073576149EABDB3D16A /* RelWithDebInfo */,
			);
			defaultConfigurationIsVisible = 0;
			defaultConfigurationName = Debug;
		};
		CB38E94C3AE040D3BB334285 /* Build configuration list for PBXAggregateTarget "Ldoc" */ = {
			isa = XCConfigurationList;
			buildConfigurations = (
				EFED31B45C5F46F28D798BC3 /* Debug */,
				A771F2C147BB4257B3AEC50F /* Release */,
				61FC08B348D245968E55F4AE /* MinSizeRel */,
				F5D833831BCD4EB9808052A5 /* RelWithDebInfo */,
			);
			defaultConfigurationIsVisible = 0;
			defaultConfigurationName = Debug;
		};
		F767C568F65C4371890A575F /* Build configuration list for PBXNativeTarget "YappyBirds" */ = {
			isa = XCConfigurationList;
			buildConfigurations = (
				F66BCEC728A348CDB3CFA6EA /* Debug */,
				75BA68A3DDA84008B7C913AD /* Release */,
				B89C441148B8495BAE7426E1 /* MinSizeRel */,
				FC8A59E16FEF42C6BC82AA4D /* RelWithDebInfo */,
			);
			defaultConfigurationIsVisible = 0;
			defaultConfigurationName = Debug;
		};
/* End XCConfigurationList section */
	};
	rootObject = C9700F52B89D48C7BDF3B237 /* Project object */;
}
